// !$*UTF8*$!
{
	archiveVersion = 1;
	classes = {
	};
	objectVersion = 50;
	objects = {

/* Begin PBXBuildFile section */
		CA3C0ECA275A934300381933 /* LearningApp.swift in Sources */ = {isa = PBXBuildFile; fileRef = CA3C0EC9275A934300381933 /* LearningApp.swift */; };
		CA3C0ECC275A934300381933 /* HomeView.swift in Sources */ = {isa = PBXBuildFile; fileRef = CA3C0ECB275A934300381933 /* HomeView.swift */; };
		CA3C0ECE275A934D00381933 /* Assets.xcassets in Resources */ = {isa = PBXBuildFile; fileRef = CA3C0ECD275A934D00381933 /* Assets.xcassets */; };
		CA3C0ED1275A934D00381933 /* Preview Assets.xcassets in Resources */ = {isa = PBXBuildFile; fileRef = CA3C0ED0275A934D00381933 /* Preview Assets.xcassets */; };
		CA3C0EDC275A955F00381933 /* ContentModel.swift in Sources */ = {isa = PBXBuildFile; fileRef = CA3C0EDB275A955F00381933 /* ContentModel.swift */; };
		CA3C0EE0275A95D800381933 /* Models.swift in Sources */ = {isa = PBXBuildFile; fileRef = CA3C0EDF275A95D800381933 /* Models.swift */; };
		CA3C0EE5275A984300381933 /* data.json in Resources */ = {isa = PBXBuildFile; fileRef = CA3C0EE4275A984300381933 /* data.json */; };
		CA3C0EEB275A9E9900381933 /* style.html in Resources */ = {isa = PBXBuildFile; fileRef = CA3C0EEA275A9E9900381933 /* style.html */; };
		CA67AEF127627B0A00B8A2EA /* HomeViewRow.swift in Sources */ = {isa = PBXBuildFile; fileRef = CA67AEF027627B0A00B8A2EA /* HomeViewRow.swift */; };
		CA67AEF42763CE5400B8A2EA /* ContentView.swift in Sources */ = {isa = PBXBuildFile; fileRef = CA67AEF32763CE5400B8A2EA /* ContentView.swift */; };
		CA67AEF72763E1F400B8A2EA /* ContentViewRow.swift in Sources */ = {isa = PBXBuildFile; fileRef = CA67AEF62763E1F400B8A2EA /* ContentViewRow.swift */; };
		CA67AEFC2767C08800B8A2EA /* ContentDetailView.swift in Sources */ = {isa = PBXBuildFile; fileRef = CA67AEFB2767C08800B8A2EA /* ContentDetailView.swift */; };
		CA67AF002767C69900B8A2EA /* AVKit.framework in Frameworks */ = {isa = PBXBuildFile; fileRef = CA67AEFF2767C69900B8A2EA /* AVKit.framework */; };
		CA67AF022767D43200B8A2EA /* Constants.swift in Sources */ = {isa = PBXBuildFile; fileRef = CA67AF012767D43200B8A2EA /* Constants.swift */; };
/* End PBXBuildFile section */

/* Begin PBXFileReference section */
		CA3C0EC6275A934300381933 /* Learning App 2.app */ = {isa = PBXFileReference; explicitFileType = wrapper.application; includeInIndex = 0; path = "Learning App 2.app"; sourceTree = BUILT_PRODUCTS_DIR; };
		CA3C0EC9275A934300381933 /* LearningApp.swift */ = {isa = PBXFileReference; lastKnownFileType = sourcecode.swift; path = LearningApp.swift; sourceTree = "<group>"; };
		CA3C0ECB275A934300381933 /* HomeView.swift */ = {isa = PBXFileReference; lastKnownFileType = sourcecode.swift; path = HomeView.swift; sourceTree = "<group>"; };
		CA3C0ECD275A934D00381933 /* Assets.xcassets */ = {isa = PBXFileReference; lastKnownFileType = folder.assetcatalog; path = Assets.xcassets; sourceTree = "<group>"; };
		CA3C0ED0275A934D00381933 /* Preview Assets.xcassets */ = {isa = PBXFileReference; lastKnownFileType = folder.assetcatalog; path = "Preview Assets.xcassets"; sourceTree = "<group>"; };
		CA3C0ED2275A934D00381933 /* Info.plist */ = {isa = PBXFileReference; lastKnownFileType = text.plist.xml; path = Info.plist; sourceTree = "<group>"; };
		CA3C0EDB275A955F00381933 /* ContentModel.swift */ = {isa = PBXFileReference; lastKnownFileType = sourcecode.swift; path = ContentModel.swift; sourceTree = "<group>"; };
		CA3C0EDF275A95D800381933 /* Models.swift */ = {isa = PBXFileReference; lastKnownFileType = sourcecode.swift; path = Models.swift; sourceTree = "<group>"; };
		CA3C0EE4275A984300381933 /* data.json */ = {isa = PBXFileReference; fileEncoding = 4; lastKnownFileType = text.json; name = data.json; path = ../../../../Downloads/data.json; sourceTree = "<group>"; };
		CA3C0EEA275A9E9900381933 /* style.html */ = {isa = PBXFileReference; fileEncoding = 4; lastKnownFileType = text.html; path = style.html; sourceTree = "<group>"; };
		CA67AEF027627B0A00B8A2EA /* HomeViewRow.swift */ = {isa = PBXFileReference; lastKnownFileType = sourcecode.swift; path = HomeViewRow.swift; sourceTree = "<group>"; };
		CA67AEF32763CE5400B8A2EA /* ContentView.swift */ = {isa = PBXFileReference; lastKnownFileType = sourcecode.swift; path = ContentView.swift; sourceTree = "<group>"; };
		CA67AEF62763E1F400B8A2EA /* ContentViewRow.swift */ = {isa = PBXFileReference; lastKnownFileType = sourcecode.swift; path = ContentViewRow.swift; sourceTree = "<group>"; };
		CA67AEFB2767C08800B8A2EA /* ContentDetailView.swift */ = {isa = PBXFileReference; lastKnownFileType = sourcecode.swift; path = ContentDetailView.swift; sourceTree = "<group>"; };
		CA67AEFF2767C69900B8A2EA /* AVKit.framework */ = {isa = PBXFileReference; lastKnownFileType = wrapper.framework; name = AVKit.framework; path = System/Library/Frameworks/AVKit.framework; sourceTree = SDKROOT; };
		CA67AF012767D43200B8A2EA /* Constants.swift */ = {isa = PBXFileReference; lastKnownFileType = sourcecode.swift; path = Constants.swift; sourceTree = "<group>"; };
/* End PBXFileReference section */

/* Begin PBXFrameworksBuildPhase section */
		CA3C0EC3275A934300381933 /* Frameworks */ = {
			isa = PBXFrameworksBuildPhase;
			buildActionMask = 2147483647;
			files = (
				CA67AF002767C69900B8A2EA /* AVKit.framework in Frameworks */,
			);
			runOnlyForDeploymentPostprocessing = 0;
		};
/* End PBXFrameworksBuildPhase section */

/* Begin PBXGroup section */
		CA3C0EBD275A934300381933 = {
			isa = PBXGroup;
			children = (
				CA3C0EC8275A934300381933 /* Learning App 2 */,
				CA3C0EC7275A934300381933 /* Products */,
				CA67AEFE2767C69800B8A2EA /* Frameworks */,
			);
			sourceTree = "<group>";
		};
		CA3C0EC7275A934300381933 /* Products */ = {
			isa = PBXGroup;
			children = (
				CA3C0EC6275A934300381933 /* Learning App 2.app */,
			);
			name = Products;
			sourceTree = "<group>";
		};
		CA3C0EC8275A934300381933 /* Learning App 2 */ = {
			isa = PBXGroup;
			children = (
				CA3C0ECD275A934D00381933 /* Assets.xcassets */,
				CA3C0ED2275A934D00381933 /* Info.plist */,
				CA67AEF92767BE1E00B8A2EA /* Helpers */,
				CA3C0EC9275A934300381933 /* LearningApp.swift */,
				CA3C0EDA275A953F00381933 /* ViewModel */,
				CA3C0ECF275A934D00381933 /* Preview Content */,
				CA3C0EE3275A982200381933 /* Resources */,
				CA3C0EDE275A95C800381933 /* Models */,
				CA3C0ED9275A951900381933 /* Views */,
			);
			path = "Learning App 2";
			sourceTree = "<group>";
		};
		CA3C0ECF275A934D00381933 /* Preview Content */ = {
			isa = PBXGroup;
			children = (
				CA3C0ED0275A934D00381933 /* Preview Assets.xcassets */,
			);
			path = "Preview Content";
			sourceTree = "<group>";
		};
		CA3C0ED9275A951900381933 /* Views */ = {
			isa = PBXGroup;
			children = (
				CA3C0ECB275A934300381933 /* HomeView.swift */,
				CA67AEF027627B0A00B8A2EA /* HomeViewRow.swift */,
				CA67AEF32763CE5400B8A2EA /* ContentView.swift */,
				CA67AEF62763E1F400B8A2EA /* ContentViewRow.swift */,
				CA67AEFB2767C08800B8A2EA /* ContentDetailView.swift */,
			);
			path = Views;
			sourceTree = "<group>";
		};
		CA3C0EDA275A953F00381933 /* ViewModel */ = {
			isa = PBXGroup;
			children = (
				CA3C0EDB275A955F00381933 /* ContentModel.swift */,
			);
			path = ViewModel;
			sourceTree = "<group>";
		};
		CA3C0EDE275A95C800381933 /* Models */ = {
			isa = PBXGroup;
			children = (
				CA3C0EDF275A95D800381933 /* Models.swift */,
			);
			path = Models;
			sourceTree = "<group>";
		};
		CA3C0EE3275A982200381933 /* Resources */ = {
			isa = PBXGroup;
			children = (
				CA3C0EEA275A9E9900381933 /* style.html */,
				CA3C0EE4275A984300381933 /* data.json */,
				CA67AF012767D43200B8A2EA /* Constants.swift */,
			);
			path = Resources;
			sourceTree = "<group>";
		};
		CA67AEF92767BE1E00B8A2EA /* Helpers */ = {
			isa = PBXGroup;
			children = (
			);
			path = Helpers;
			sourceTree = "<group>";
		};
		CA67AEFE2767C69800B8A2EA /* Frameworks */ = {
			isa = PBXGroup;
			children = (
				CA67AEFF2767C69900B8A2EA /* AVKit.framework */,
			);
			name = Frameworks;
			sourceTree = "<group>";
		};
/* End PBXGroup section */

/* Begin PBXNativeTarget section */
		CA3C0EC5275A934300381933 /* Learning App 2 */ = {
			isa = PBXNativeTarget;
			buildConfigurationList = CA3C0ED5275A934D00381933 /* Build configuration list for PBXNativeTarget "Learning App 2" */;
			buildPhases = (
				CA3C0EC2275A934300381933 /* Sources */,
				CA3C0EC3275A934300381933 /* Frameworks */,
				CA3C0EC4275A934300381933 /* Resources */,
			);
			buildRules = (
			);
			dependencies = (
			);
			name = "Learning App 2";
			productName = "Learning App 2";
			productReference = CA3C0EC6275A934300381933 /* Learning App 2.app */;
			productType = "com.apple.product-type.application";
		};
/* End PBXNativeTarget section */

/* Begin PBXProject section */
		CA3C0EBE275A934300381933 /* Project object */ = {
			isa = PBXProject;
			attributes = {
				LastSwiftUpdateCheck = 1240;
				LastUpgradeCheck = 1240;
				TargetAttributes = {
					CA3C0EC5275A934300381933 = {
						CreatedOnToolsVersion = 12.4;
					};
				};
			};
			buildConfigurationList = CA3C0EC1275A934300381933 /* Build configuration list for PBXProject "Learning App 2" */;
			compatibilityVersion = "Xcode 9.3";
			developmentRegion = en;
			hasScannedForEncodings = 0;
			knownRegions = (
				en,
				Base,
			);
			mainGroup = CA3C0EBD275A934300381933;
			productRefGroup = CA3C0EC7275A934300381933 /* Products */;
			projectDirPath = "";
			projectRoot = "";
			targets = (
				CA3C0EC5275A934300381933 /* Learning App 2 */,
			);
		};
/* End PBXProject section */

/* Begin PBXResourcesBuildPhase section */
		CA3C0EC4275A934300381933 /* Resources */ = {
			isa = PBXResourcesBuildPhase;
			buildActionMask = 2147483647;
			files = (
				CA3C0ED1275A934D00381933 /* Preview Assets.xcassets in Resources */,
				CA3C0EE5275A984300381933 /* data.json in Resources */,
				CA3C0EEB275A9E9900381933 /* style.html in Resources */,
				CA3C0ECE275A934D00381933 /* Assets.xcassets in Resources */,
			);
			runOnlyForDeploymentPostprocessing = 0;
		};
/* End PBXResourcesBuildPhase section */

/* Begin PBXSourcesBuildPhase section */
		CA3C0EC2275A934300381933 /* Sources */ = {
			isa = PBXSourcesBuildPhase;
			buildActionMask = 2147483647;
			files = (
				CA3C0ECC275A934300381933 /* HomeView.swift in Sources */,
				CA67AEF127627B0A00B8A2EA /* HomeViewRow.swift in Sources */,
				CA3C0ECA275A934300381933 /* LearningApp.swift in Sources */,
				CA67AEFC2767C08800B8A2EA /* ContentDetailView.swift in Sources */,
				CA3C0EDC275A955F00381933 /* ContentModel.swift in Sources */,
				CA67AEF72763E1F400B8A2EA /* ContentViewRow.swift in Sources */,
				CA3C0EE0275A95D800381933 /* Models.swift in Sources */,
				CA67AEF42763CE5400B8A2EA /* ContentView.swift in Sources */,
				CA67AF022767D43200B8A2EA /* Constants.swift in Sources */,
			);
			runOnlyForDeploymentPostprocessing = 0;
		};
/* End PBXSourcesBuildPhase section */

/* Begin XCBuildConfiguration section */
		CA3C0ED3275A934D00381933 /* Debug */ = {
			isa = XCBuildConfiguration;
			buildSettings = {
				ALWAYS_SEARCH_USER_PATHS = NO;
				CLANG_ANALYZER_NONNULL = YES;
				CLANG_ANALYZER_NUMBER_OBJECT_CONVERSION = YES_AGGRESSIVE;
				CLANG_CXX_LANGUAGE_STANDARD = "gnu++14";
				CLANG_CXX_LIBRARY = "libc++";
				CLANG_ENABLE_MODULES = YES;
				CLANG_ENABLE_OBJC_ARC = YES;
				CLANG_ENABLE_OBJC_WEAK = YES;
				CLANG_WARN_BLOCK_CAPTURE_AUTORELEASING = YES;
				CLANG_WARN_BOOL_CONVERSION = YES;
				CLANG_WARN_COMMA = YES;
				CLANG_WARN_CONSTANT_CONVERSION = YES;
				CLANG_WARN_DEPRECATED_OBJC_IMPLEMENTATIONS = YES;
				CLANG_WARN_DIRECT_OBJC_ISA_USAGE = YES_ERROR;
				CLANG_WARN_DOCUMENTATION_COMMENTS = YES;
				CLANG_WARN_EMPTY_BODY = YES;
				CLANG_WARN_ENUM_CONVERSION = YES;
				CLANG_WARN_INFINITE_RECURSION = YES;
				CLANG_WARN_INT_CONVERSION = YES;
				CLANG_WARN_NON_LITERAL_NULL_CONVERSION = YES;
				CLANG_WARN_OBJC_IMPLICIT_RETAIN_SELF = YES;
				CLANG_WARN_OBJC_LITERAL_CONVERSION = YES;
				CLANG_WARN_OBJC_ROOT_CLASS = YES_ERROR;
				CLANG_WARN_QUOTED_INCLUDE_IN_FRAMEWORK_HEADER = YES;
				CLANG_WARN_RANGE_LOOP_ANALYSIS = YES;
				CLANG_WARN_STRICT_PROTOTYPES = YES;
				CLANG_WARN_SUSPICIOUS_MOVE = YES;
				CLANG_WARN_UNGUARDED_AVAILABILITY = YES_AGGRESSIVE;
				CLANG_WARN_UNREACHABLE_CODE = YES;
				CLANG_WARN__DUPLICATE_METHOD_MATCH = YES;
				COPY_PHASE_STRIP = NO;
				DEBUG_INFORMATION_FORMAT = dwarf;
				ENABLE_STRICT_OBJC_MSGSEND = YES;
				ENABLE_TESTABILITY = YES;
				GCC_C_LANGUAGE_STANDARD = gnu11;
				GCC_DYNAMIC_NO_PIC = NO;
				GCC_NO_COMMON_BLOCKS = YES;
				GCC_OPTIMIZATION_LEVEL = 0;
				GCC_PREPROCESSOR_DEFINITIONS = (
					"DEBUG=1",
					"$(inherited)",
				);
				GCC_WARN_64_TO_32_BIT_CONVERSION = YES;
				GCC_WARN_ABOUT_RETURN_TYPE = YES_ERROR;
				GCC_WARN_UNDECLARED_SELECTOR = YES;
				GCC_WARN_UNINITIALIZED_AUTOS = YES_AGGRESSIVE;
				GCC_WARN_UNUSED_FUNCTION = YES;
				GCC_WARN_UNUSED_VARIABLE = YES;
				IPHONEOS_DEPLOYMENT_TARGET = 14.4;
				MTL_ENABLE_DEBUG_INFO = INCLUDE_SOURCE;
				MTL_FAST_MATH = YES;
				ONLY_ACTIVE_ARCH = YES;
				SDKROOT = iphoneos;
				SWIFT_ACTIVE_COMPILATION_CONDITIONS = DEBUG;
				SWIFT_OPTIMIZATION_LEVEL = "-Onone";
			};
			name = Debug;
		};
		CA3C0ED4275A934D00381933 /* Release */ = {
			isa = XCBuildConfiguration;
			buildSettings = {
				ALWAYS_SEARCH_USER_PATHS = NO;
				CLANG_ANALYZER_NONNULL = YES;
				CLANG_ANALYZER_NUMBER_OBJECT_CONVERSION = YES_AGGRESSIVE;
				CLANG_CXX_LANGUAGE_STANDARD = "gnu++14";
				CLANG_CXX_LIBRARY = "libc++";
				CLANG_ENABLE_MODULES = YES;
				CLANG_ENABLE_OBJC_ARC = YES;
				CLANG_ENABLE_OBJC_WEAK = YES;
				CLANG_WARN_BLOCK_CAPTURE_AUTORELEASING = YES;
				CLANG_WARN_BOOL_CONVERSION = YES;
				CLANG_WARN_COMMA = YES;
				CLANG_WARN_CONSTANT_CONVERSION = YES;
				CLANG_WARN_DEPRECATED_OBJC_IMPLEMENTATIONS = YES;
				CLANG_WARN_DIRECT_OBJC_ISA_USAGE = YES_ERROR;
				CLANG_WARN_DOCUMENTATION_COMMENTS = YES;
				CLANG_WARN_EMPTY_BODY = YES;
				CLANG_WARN_ENUM_CONVERSION = YES;
				CLANG_WARN_INFINITE_RECURSION = YES;
				CLANG_WARN_INT_CONVERSION = YES;
				CLANG_WARN_NON_LITERAL_NULL_CONVERSION = YES;
				CLANG_WARN_OBJC_IMPLICIT_RETAIN_SELF = YES;
				CLANG_WARN_OBJC_LITERAL_CONVERSION = YES;
				CLANG_WARN_OBJC_ROOT_CLASS = YES_ERROR;
				CLANG_WARN_QUOTED_INCLUDE_IN_FRAMEWORK_HEADER = YES;
				CLANG_WARN_RANGE_LOOP_ANALYSIS = YES;
				CLANG_WARN_STRICT_PROTOTYPES = YES;
				CLANG_WARN_SUSPICIOUS_MOVE = YES;
				CLANG_WARN_UNGUARDED_AVAILABILITY = YES_AGGRESSIVE;
				CLANG_WARN_UNREACHABLE_CODE = YES;
				CLANG_WARN__DUPLICATE_METHOD_MATCH = YES;
				COPY_PHASE_STRIP = NO;
				DEBUG_INFORMATION_FORMAT = "dwarf-with-dsym";
				ENABLE_NS_ASSERTIONS = NO;
				ENABLE_STRICT_OBJC_MSGSEND = YES;
				GCC_C_LANGUAGE_STANDARD = gnu11;
				GCC_NO_COMMON_BLOCKS = YES;
				GCC_WARN_64_TO_32_BIT_CONVERSION = YES;
				GCC_WARN_ABOUT_RETURN_TYPE = YES_ERROR;
				GCC_WARN_UNDECLARED_SELECTOR = YES;
				GCC_WARN_UNINITIALIZED_AUTOS = YES_AGGRESSIVE;
				GCC_WARN_UNUSED_FUNCTION = YES;
				GCC_WARN_UNUSED_VARIABLE = YES;
				IPHONEOS_DEPLOYMENT_TARGET = 14.4;
				MTL_ENABLE_DEBUG_INFO = NO;
				MTL_FAST_MATH = YES;
				SDKROOT = iphoneos;
				SWIFT_COMPILATION_MODE = wholemodule;
				SWIFT_OPTIMIZATION_LEVEL = "-O";
				VALIDATE_PRODUCT = YES;
			};
			name = Release;
		};
		CA3C0ED6275A934D00381933 /* Debug */ = {
			isa = XCBuildConfiguration;
			buildSettings = {
				ASSETCATALOG_COMPILER_APPICON_NAME = AppIcon;
				ASSETCATALOG_COMPILER_GLOBAL_ACCENT_COLOR_NAME = AccentColor;
				CODE_SIGN_STYLE = Automatic;
				DEVELOPMENT_ASSET_PATHS = "\"Learning App 2/Preview Content\"";
				ENABLE_PREVIEWS = YES;
				INFOPLIST_FILE = "Learning App 2/Info.plist";
				IPHONEOS_DEPLOYMENT_TARGET = 14.0;
				LD_RUNPATH_SEARCH_PATHS = (
					"$(inherited)",
					"@executable_path/Frameworks",
				);
				PRODUCT_BUNDLE_IDENTIFIER = "Jakobe.Learning-App-2";
				PRODUCT_NAME = "$(TARGET_NAME)";
				SWIFT_VERSION = 5.0;
				TARGETED_DEVICE_FAMILY = "1,2";
			};
			name = Debug;
		};
		CA3C0ED7275A934D00381933 /* Release */ = {
			isa = XCBuildConfiguration;
			buildSettings = {
				ASSETCATALOG_COMPILER_APPICON_NAME = AppIcon;
				ASSETCATALOG_COMPILER_GLOBAL_ACCENT_COLOR_NAME = AccentColor;
				CODE_SIGN_STYLE = Automatic;
				DEVELOPMENT_ASSET_PATHS = "\"Learning App 2/Preview Content\"";
				ENABLE_PREVIEWS = YES;
				INFOPLIST_FILE = "Learning App 2/Info.plist";
				IPHONEOS_DEPLOYMENT_TARGET = 14.0;
				LD_RUNPATH_SEARCH_PATHS = (
					"$(inherited)",
					"@executable_path/Frameworks",
				);
				PRODUCT_BUNDLE_IDENTIFIER = "Jakobe.Learning-App-2";
				PRODUCT_NAME = "$(TARGET_NAME)";
				SWIFT_VERSION = 5.0;
				TARGETED_DEVICE_FAMILY = "1,2";
			};
			name = Release;
		};
/* End XCBuildConfiguration section */

/* Begin XCConfigurationList section */
		CA3C0EC1275A934300381933 /* Build configuration list for PBXProject "Learning App 2" */ = {
			isa = XCConfigurationList;
			buildConfigurations = (
				CA3C0ED3275A934D00381933 /* Debug */,
				CA3C0ED4275A934D00381933 /* Release */,
			);
			defaultConfigurationIsVisible = 0;
			defaultConfigurationName = Release;
		};
		CA3C0ED5275A934D00381933 /* Build configuration list for PBXNativeTarget "Learning App 2" */ = {
			isa = XCConfigurationList;
			buildConfigurations = (
				CA3C0ED6275A934D00381933 /* Debug */,
				CA3C0ED7275A934D00381933 /* Release */,
			);
			defaultConfigurationIsVisible = 0;
			defaultConfigurationName = Release;
		};
/* End XCConfigurationList section */
	};
	rootObject = CA3C0EBE275A934300381933 /* Project object */;
}
